
Microsoft Visual Studio Solution File, Format Version 12.00
# Visual Studio Version 17
VisualStudioVersion = 17.8.34330.188
MinimumVisualStudioVersion = 10.0.40219.1
Project("{FAE04EC0-301F-11D3-BF4B-00C04F79EFBC}") = "store", "store\store.csproj", "{9F952281-C14A-4DF8-92F7-F4F5B2BB0E63}"
EndProject
Global
	GlobalSection(SolutionConfigurationPlatforms) = preSolution
		Debug|Any CPU = Debug|Any CPU
		Release|Any CPU = Release|Any CPU
	EndGlobalSection
	GlobalSection(ProjectConfigurationPlatforms) = postSolution
		{9F952281-C14A-4DF8-92F7-F4F5B2BB0E63}.Debug|Any CPU.ActiveCfg = Debug|Any CPU
		{9F952281-C14A-4DF8-92F7-F4F5B2BB0E63}.Debug|Any CPU.Build.0 = Debug|Any CPU
		{9F952281-C14A-4DF8-92F7-F4F5B2BB0E63}.Release|Any CPU.ActiveCfg = Release|Any CPU
		{9F952281-C14A-4DF8-92F7-F4F5B2BB0E63}.Release|Any CPU.Build.0 = Release|Any CPU
	EndGlobalSection
	GlobalSection(SolutionProperties) = preSolution
		HideSolutionNode = FALSE
	EndGlobalSection
	GlobalSection(ExtensibilityGlobals) = postSolution
		SolutionGuid = {BCBDFE19-9A43-44C5-B016-5E4D1E165E07}
	EndGlobalSection
EndGlobal
